
Microsoft Visual Studio Solution File, Format Version 12.00
# Visual Studio Version 17
VisualStudioVersion = 17.0.31903.59
MinimumVisualStudioVersion = 10.0.40219.1
Project("{9A19103F-16F7-4668-BE54-9A1E7A4F7556}") = "Identity.WebApi", "Services\Identity\Identity.WebApi.csproj", "{99661F9B-144C-410F-BC03-C325CBFFB9C2}"
EndProject
Project("{9A19103F-16F7-4668-BE54-9A1E7A4F7556}") = "Common.Library", "Frameworks\Common.Library\Common.Library.csproj", "{571A1456-0F0B-4691-9951-7D79D0C68589}"
EndProject
Project("{9A19103F-16F7-4668-BE54-9A1E7A4F7556}") = "Transaction.WebApi", "Services\Transaction.WebApi\Transaction.WebApi.csproj", "{62EFDDB3-537C-43C6-A113-B61699E36316}"
EndProject
Project("{9A19103F-16F7-4668-BE54-9A1E7A4F7556}") = "Notification.WebApi", "Services\Notification.WebApi\Notification.WebApi.csproj", "{0A269821-AA09-4290-9849-9C66AEC4624F}"
EndProject
Project("{2150E333-8FDC-42A3-9474-1A3956D46DE8}") = "src", "src", "{4714BAC2-5996-4B65-9A8A-06FA3805FAED}"
EndProject
Project("{2150E333-8FDC-42A3-9474-1A3956D46DE8}") = "Services", "Services", "{4B480CB0-170D-4D8D-8D99-D8E02F38713E}"
EndProject
Project("{2150E333-8FDC-42A3-9474-1A3956D46DE8}") = "Frameworks", "Frameworks", "{3D46170B-D31A-4CC3-ABE0-F0C7CB6EF0A4}"
EndProject
Project("{2150E333-8FDC-42A3-9474-1A3956D46DE8}") = "Gateway", "Gateway", "{F8405275-D40A-4E0E-B9BB-310992447021}"
EndProject
Project("{9A19103F-16F7-4668-BE54-9A1E7A4F7556}") = "Transaction.Framework", "Frameworks\Transaction\Transaction.Framework.csproj", "{F3C1BC61-DEA2-4968-B4F4-3DD0CE439CCA}"
EndProject
Project("{2150E333-8FDC-42A3-9474-1A3956D46DE8}") = "BuildingBlocks", "BuildingBlocks", "{45DFD481-1F70-4FA8-9A7F-2193FBFD4D17}"
EndProject
Project("{2150E333-8FDC-42A3-9474-1A3956D46DE8}") = "EventBus", "EventBus", "{079A0E0C-DF59-4A1D-BE0B-992B2E143429}"
EndProject
Project("{9A19103F-16F7-4668-BE54-9A1E7A4F7556}") = "EventBus", "BuildingBlocks\EventBus\EventBus.csproj", "{4BA271E5-01A0-4688-B981-BA05ED73B09F}"
EndProject
Project("{9A19103F-16F7-4668-BE54-9A1E7A4F7556}") = "EventBusRabbitMQ", "BuildingBlocks\EventBusRabbitMQ\EventBusRabbitMQ.csproj", "{D4A3D6E6-270F-4B76-AE72-54D17431DB61}"
EndProject
Project("{9A19103F-16F7-4668-BE54-9A1E7A4F7556}") = "Gateway.WebApi", "Gateway\Gateway.WebApi\Gateway.WebApi.csproj", "{C04B4FDC-32F0-424E-8BF2-A8BA79B2692A}"
EndProject
Project("{2150E333-8FDC-42A3-9474-1A3956D46DE8}") = "App", "App", "{92430ACB-DF73-43DC-96F6-14CEC03B4B86}"
EndProject
Project("{9A19103F-16F7-4668-BE54-9A1E7A4F7556}") = "Client.App", "App\Client.App\Client.App.csproj", "{0C757B47-EFF6-40A4-9BEC-920775154F74}"
EndProject
Project("{9A19103F-16F7-4668-BE54-9A1E7A4F7556}") = "SignalR.ClientConsole", "App\SignalR.ClientConsole\SignalR.ClientConsole\SignalR.ClientConsole.csproj", "{9FE14309-5829-4328-BB61-6B5DCC4D1E1C}"
EndProject
Project("{FAE04EC0-301F-11D3-BF4B-00C04F79EFBC}") = "Common.Observability", "Frameworks\Common.Prometheus\Common.Observability.csproj", "{B863037D-695C-430C-9A57-3D34D5FC2A46}"
EndProject
Global
	GlobalSection(SolutionConfigurationPlatforms) = preSolution
		Debug|Any CPU = Debug|Any CPU
		Release|Any CPU = Release|Any CPU
	EndGlobalSection
	GlobalSection(ProjectConfigurationPlatforms) = postSolution
		{99661F9B-144C-410F-BC03-C325CBFFB9C2}.Debug|Any CPU.ActiveCfg = Debug|Any CPU
		{99661F9B-144C-410F-BC03-C325CBFFB9C2}.Debug|Any CPU.Build.0 = Debug|Any CPU
		{99661F9B-144C-410F-BC03-C325CBFFB9C2}.Release|Any CPU.ActiveCfg = Release|Any CPU
		{99661F9B-144C-410F-BC03-C325CBFFB9C2}.Release|Any CPU.Build.0 = Release|Any CPU
		{571A1456-0F0B-4691-9951-7D79D0C68589}.Debug|Any CPU.ActiveCfg = Debug|Any CPU
		{571A1456-0F0B-4691-9951-7D79D0C68589}.Debug|Any CPU.Build.0 = Debug|Any CPU
		{571A1456-0F0B-4691-9951-7D79D0C68589}.Release|Any CPU.ActiveCfg = Release|Any CPU
		{571A1456-0F0B-4691-9951-7D79D0C68589}.Release|Any CPU.Build.0 = Release|Any CPU
		{62EFDDB3-537C-43C6-A113-B61699E36316}.Debug|Any CPU.ActiveCfg = Debug|Any CPU
		{62EFDDB3-537C-43C6-A113-B61699E36316}.Debug|Any CPU.Build.0 = Debug|Any CPU
		{62EFDDB3-537C-43C6-A113-B61699E36316}.Release|Any CPU.ActiveCfg = Release|Any CPU
		{62EFDDB3-537C-43C6-A113-B61699E36316}.Release|Any CPU.Build.0 = Release|Any CPU
		{0A269821-AA09-4290-9849-9C66AEC4624F}.Debug|Any CPU.ActiveCfg = Debug|Any CPU
		{0A269821-AA09-4290-9849-9C66AEC4624F}.Debug|Any CPU.Build.0 = Debug|Any CPU
		{0A269821-AA09-4290-9849-9C66AEC4624F}.Release|Any CPU.ActiveCfg = Release|Any CPU
		{0A269821-AA09-4290-9849-9C66AEC4624F}.Release|Any CPU.Build.0 = Release|Any CPU
		{F3C1BC61-DEA2-4968-B4F4-3DD0CE439CCA}.Debug|Any CPU.ActiveCfg = Debug|Any CPU
		{F3C1BC61-DEA2-4968-B4F4-3DD0CE439CCA}.Debug|Any CPU.Build.0 = Debug|Any CPU
		{F3C1BC61-DEA2-4968-B4F4-3DD0CE439CCA}.Release|Any CPU.ActiveCfg = Release|Any CPU
		{F3C1BC61-DEA2-4968-B4F4-3DD0CE439CCA}.Release|Any CPU.Build.0 = Release|Any CPU
		{4BA271E5-01A0-4688-B981-BA05ED73B09F}.Debug|Any CPU.ActiveCfg = Debug|Any CPU
		{4BA271E5-01A0-4688-B981-BA05ED73B09F}.Debug|Any CPU.Build.0 = Debug|Any CPU
		{4BA271E5-01A0-4688-B981-BA05ED73B09F}.Release|Any CPU.ActiveCfg = Release|Any CPU
		{4BA271E5-01A0-4688-B981-BA05ED73B09F}.Release|Any CPU.Build.0 = Release|Any CPU
		{D4A3D6E6-270F-4B76-AE72-54D17431DB61}.Debug|Any CPU.ActiveCfg = Debug|Any CPU
		{D4A3D6E6-270F-4B76-AE72-54D17431DB61}.Debug|Any CPU.Build.0 = Debug|Any CPU
		{D4A3D6E6-270F-4B76-AE72-54D17431DB61}.Release|Any CPU.ActiveCfg = Release|Any CPU
		{D4A3D6E6-270F-4B76-AE72-54D17431DB61}.Release|Any CPU.Build.0 = Release|Any CPU
		{C04B4FDC-32F0-424E-8BF2-A8BA79B2692A}.Debug|Any CPU.ActiveCfg = Debug|Any CPU
		{C04B4FDC-32F0-424E-8BF2-A8BA79B2692A}.Debug|Any CPU.Build.0 = Debug|Any CPU
		{C04B4FDC-32F0-424E-8BF2-A8BA79B2692A}.Release|Any CPU.ActiveCfg = Release|Any CPU
		{C04B4FDC-32F0-424E-8BF2-A8BA79B2692A}.Release|Any CPU.Build.0 = Release|Any CPU
		{0C757B47-EFF6-40A4-9BEC-920775154F74}.Debug|Any CPU.ActiveCfg = Debug|Any CPU
		{0C757B47-EFF6-40A4-9BEC-920775154F74}.Debug|Any CPU.Build.0 = Debug|Any CPU
		{0C757B47-EFF6-40A4-9BEC-920775154F74}.Release|Any CPU.ActiveCfg = Release|Any CPU
		{0C757B47-EFF6-40A4-9BEC-920775154F74}.Release|Any CPU.Build.0 = Release|Any CPU
		{9FE14309-5829-4328-BB61-6B5DCC4D1E1C}.Debug|Any CPU.ActiveCfg = Debug|Any CPU
		{9FE14309-5829-4328-BB61-6B5DCC4D1E1C}.Debug|Any CPU.Build.0 = Debug|Any CPU
		{9FE14309-5829-4328-BB61-6B5DCC4D1E1C}.Release|Any CPU.ActiveCfg = Release|Any CPU
		{9FE14309-5829-4328-BB61-6B5DCC4D1E1C}.Release|Any CPU.Build.0 = Release|Any CPU
		{B863037D-695C-430C-9A57-3D34D5FC2A46}.Debug|Any CPU.ActiveCfg = Debug|Any CPU
		{B863037D-695C-430C-9A57-3D34D5FC2A46}.Debug|Any CPU.Build.0 = Debug|Any CPU
		{B863037D-695C-430C-9A57-3D34D5FC2A46}.Release|Any CPU.ActiveCfg = Release|Any CPU
		{B863037D-695C-430C-9A57-3D34D5FC2A46}.Release|Any CPU.Build.0 = Release|Any CPU
	EndGlobalSection
	GlobalSection(SolutionProperties) = preSolution
		HideSolutionNode = FALSE
	EndGlobalSection
	GlobalSection(NestedProjects) = preSolution
		{99661F9B-144C-410F-BC03-C325CBFFB9C2} = {4B480CB0-170D-4D8D-8D99-D8E02F38713E}
		{571A1456-0F0B-4691-9951-7D79D0C68589} = {3D46170B-D31A-4CC3-ABE0-F0C7CB6EF0A4}
		{62EFDDB3-537C-43C6-A113-B61699E36316} = {4B480CB0-170D-4D8D-8D99-D8E02F38713E}
		{0A269821-AA09-4290-9849-9C66AEC4624F} = {4B480CB0-170D-4D8D-8D99-D8E02F38713E}
		{4B480CB0-170D-4D8D-8D99-D8E02F38713E} = {4714BAC2-5996-4B65-9A8A-06FA3805FAED}
		{3D46170B-D31A-4CC3-ABE0-F0C7CB6EF0A4} = {4714BAC2-5996-4B65-9A8A-06FA3805FAED}
		{F8405275-D40A-4E0E-B9BB-310992447021} = {4714BAC2-5996-4B65-9A8A-06FA3805FAED}
		{F3C1BC61-DEA2-4968-B4F4-3DD0CE439CCA} = {3D46170B-D31A-4CC3-ABE0-F0C7CB6EF0A4}
		{45DFD481-1F70-4FA8-9A7F-2193FBFD4D17} = {4714BAC2-5996-4B65-9A8A-06FA3805FAED}
		{079A0E0C-DF59-4A1D-BE0B-992B2E143429} = {45DFD481-1F70-4FA8-9A7F-2193FBFD4D17}
		{4BA271E5-01A0-4688-B981-BA05ED73B09F} = {079A0E0C-DF59-4A1D-BE0B-992B2E143429}
		{D4A3D6E6-270F-4B76-AE72-54D17431DB61} = {079A0E0C-DF59-4A1D-BE0B-992B2E143429}
		{C04B4FDC-32F0-424E-8BF2-A8BA79B2692A} = {F8405275-D40A-4E0E-B9BB-310992447021}
		{92430ACB-DF73-43DC-96F6-14CEC03B4B86} = {4714BAC2-5996-4B65-9A8A-06FA3805FAED}
		{0C757B47-EFF6-40A4-9BEC-920775154F74} = {92430ACB-DF73-43DC-96F6-14CEC03B4B86}
		{9FE14309-5829-4328-BB61-6B5DCC4D1E1C} = {92430ACB-DF73-43DC-96F6-14CEC03B4B86}
		{B863037D-695C-430C-9A57-3D34D5FC2A46} = {3D46170B-D31A-4CC3-ABE0-F0C7CB6EF0A4}
	EndGlobalSection
	GlobalSection(ExtensibilityGlobals) = postSolution
		SolutionGuid = {53755B6E-021E-4CA9-8C27-14321B0724AD}
	EndGlobalSection
EndGlobal
